// !$*UTF8*$!
{
	archiveVersion = 1;
	classes = {
	};
	objectVersion = 46;
	objects = {

/* Begin PBXBuildFile section */
		8108F0481AC8A98A00E4E199 /* InitViewController.swift in Sources */ = {isa = PBXBuildFile; fileRef = 8108F0471AC8A98A00E4E199 /* InitViewController.swift */; };
		8108F04A1AC90EC600E4E199 /* LoginViewController.swift in Sources */ = {isa = PBXBuildFile; fileRef = 8108F0491AC90EC600E4E199 /* LoginViewController.swift */; };
		813966361AC99DE700DF1950 /* User.swift in Sources */ = {isa = PBXBuildFile; fileRef = 813966351AC99DE700DF1950 /* User.swift */; };
		815C65671AC5E0FA00762B1A /* AppDelegate.swift in Sources */ = {isa = PBXBuildFile; fileRef = 815C65661AC5E0FA00762B1A /* AppDelegate.swift */; };
		815C65691AC5E0FA00762B1A /* FirstViewController.swift in Sources */ = {isa = PBXBuildFile; fileRef = 815C65681AC5E0FA00762B1A /* FirstViewController.swift */; };
		815C656B1AC5E0FA00762B1A /* SecondViewController.swift in Sources */ = {isa = PBXBuildFile; fileRef = 815C656A1AC5E0FA00762B1A /* SecondViewController.swift */; };
		815C656E1AC5E0FA00762B1A /* Main.storyboard in Resources */ = {isa = PBXBuildFile; fileRef = 815C656C1AC5E0FA00762B1A /* Main.storyboard */; };
		815C65701AC5E0FA00762B1A /* Images.xcassets in Resources */ = {isa = PBXBuildFile; fileRef = 815C656F1AC5E0FA00762B1A /* Images.xcassets */; };
		815C65731AC5E0FA00762B1A /* LaunchScreen.xib in Resources */ = {isa = PBXBuildFile; fileRef = 815C65711AC5E0FA00762B1A /* LaunchScreen.xib */; };
		815C657F1AC5E0FA00762B1A /* qwiosTests.swift in Sources */ = {isa = PBXBuildFile; fileRef = 815C657E1AC5E0FA00762B1A /* qwiosTests.swift */; };
		81F793D51ACA2985004A1DD1 /* MyAccountViewController.swift in Sources */ = {isa = PBXBuildFile; fileRef = 81F793D41ACA2985004A1DD1 /* MyAccountViewController.swift */; };
		8E093F835735E435CEF91AEB /* Pods_qwios.framework in Frameworks */ = {isa = PBXBuildFile; fileRef = 6B860DE3B48C303163A36FB3 /* Pods_qwios.framework */; settings = {ATTRIBUTES = (Weak, ); }; };
/* End PBXBuildFile section */

/* Begin PBXContainerItemProxy section */
		815C65791AC5E0FA00762B1A /* PBXContainerItemProxy */ = {
			isa = PBXContainerItemProxy;
			containerPortal = 815C65591AC5E0FA00762B1A /* Project object */;
			proxyType = 1;
			remoteGlobalIDString = 815C65601AC5E0FA00762B1A;
			remoteInfo = qwios;
		};
/* End PBXContainerItemProxy section */

/* Begin PBXFileReference section */
		6796F373B822D61AA9C69075 /* Pods-qwios.release.xcconfig */ = {isa = PBXFileReference; includeInIndex = 1; lastKnownFileType = text.xcconfig; name = "Pods-qwios.release.xcconfig"; path = "Pods/Target Support Files/Pods-qwios/Pods-qwios.release.xcconfig"; sourceTree = "<group>"; };
		6B860DE3B48C303163A36FB3 /* Pods_qwios.framework */ = {isa = PBXFileReference; explicitFileType = wrapper.framework; includeInIndex = 0; path = Pods_qwios.framework; sourceTree = BUILT_PRODUCTS_DIR; };
		8108F0471AC8A98A00E4E199 /* InitViewController.swift */ = {isa = PBXFileReference; fileEncoding = 4; lastKnownFileType = sourcecode.swift; path = InitViewController.swift; sourceTree = "<group>"; };
		8108F0491AC90EC600E4E199 /* LoginViewController.swift */ = {isa = PBXFileReference; fileEncoding = 4; lastKnownFileType = sourcecode.swift; path = LoginViewController.swift; sourceTree = "<group>"; };
		813966351AC99DE700DF1950 /* User.swift */ = {isa = PBXFileReference; fileEncoding = 4; lastKnownFileType = sourcecode.swift; path = User.swift; sourceTree = "<group>"; };
		815C65611AC5E0FA00762B1A /* qwios.app */ = {isa = PBXFileReference; explicitFileType = wrapper.application; includeInIndex = 0; path = qwios.app; sourceTree = BUILT_PRODUCTS_DIR; };
		815C65651AC5E0FA00762B1A /* Info.plist */ = {isa = PBXFileReference; lastKnownFileType = text.plist.xml; path = Info.plist; sourceTree = "<group>"; };
		815C65661AC5E0FA00762B1A /* AppDelegate.swift */ = {isa = PBXFileReference; lastKnownFileType = sourcecode.swift; path = AppDelegate.swift; sourceTree = "<group>"; };
		815C65681AC5E0FA00762B1A /* FirstViewController.swift */ = {isa = PBXFileReference; lastKnownFileType = sourcecode.swift; path = FirstViewController.swift; sourceTree = "<group>"; };
		815C656A1AC5E0FA00762B1A /* SecondViewController.swift */ = {isa = PBXFileReference; lastKnownFileType = sourcecode.swift; path = SecondViewController.swift; sourceTree = "<group>"; };
		815C656D1AC5E0FA00762B1A /* Base */ = {isa = PBXFileReference; lastKnownFileType = file.storyboard; name = Base; path = Base.lproj/Main.storyboard; sourceTree = "<group>"; };
		815C656F1AC5E0FA00762B1A /* Images.xcassets */ = {isa = PBXFileReference; lastKnownFileType = folder.assetcatalog; path = Images.xcassets; sourceTree = "<group>"; };
		815C65721AC5E0FA00762B1A /* Base */ = {isa = PBXFileReference; lastKnownFileType = file.xib; name = Base; path = Base.lproj/LaunchScreen.xib; sourceTree = "<group>"; };
		815C65781AC5E0FA00762B1A /* qwiosTests.xctest */ = {isa = PBXFileReference; explicitFileType = wrapper.cfbundle; includeInIndex = 0; path = qwiosTests.xctest; sourceTree = BUILT_PRODUCTS_DIR; };
		815C657D1AC5E0FA00762B1A /* Info.plist */ = {isa = PBXFileReference; lastKnownFileType = text.plist.xml; path = Info.plist; sourceTree = "<group>"; };
		815C657E1AC5E0FA00762B1A /* qwiosTests.swift */ = {isa = PBXFileReference; lastKnownFileType = sourcecode.swift; path = qwiosTests.swift; sourceTree = "<group>"; };
		81F793D41ACA2985004A1DD1 /* MyAccountViewController.swift */ = {isa = PBXFileReference; fileEncoding = 4; lastKnownFileType = sourcecode.swift; path = MyAccountViewController.swift; sourceTree = "<group>"; };
		835C3B82D379039729905DBA /* Pods-qwios.debug.xcconfig */ = {isa = PBXFileReference; includeInIndex = 1; lastKnownFileType = text.xcconfig; name = "Pods-qwios.debug.xcconfig"; path = "Pods/Target Support Files/Pods-qwios/Pods-qwios.debug.xcconfig"; sourceTree = "<group>"; };
/* End PBXFileReference section */

/* Begin PBXFrameworksBuildPhase section */
		815C655E1AC5E0FA00762B1A /* Frameworks */ = {
			isa = PBXFrameworksBuildPhase;
			buildActionMask = 2147483647;
			files = (
				8E093F835735E435CEF91AEB /* Pods_qwios.framework in Frameworks */,
			);
			runOnlyForDeploymentPostprocessing = 0;
		};
		815C65751AC5E0FA00762B1A /* Frameworks */ = {
			isa = PBXFrameworksBuildPhase;
			buildActionMask = 2147483647;
			files = (
			);
			runOnlyForDeploymentPostprocessing = 0;
		};
/* End PBXFrameworksBuildPhase section */

/* Begin PBXGroup section */
		55D249F93D2359539A0B0825 /* Frameworks */ = {
			isa = PBXGroup;
			children = (
				6B860DE3B48C303163A36FB3 /* Pods_qwios.framework */,
			);
			name = Frameworks;
			sourceTree = "<group>";
		};
		813966341AC99DB200DF1950 /* model */ = {
			isa = PBXGroup;
			children = (
				813966351AC99DE700DF1950 /* User.swift */,
			);
			name = model;
			sourceTree = "<group>";
		};
		815C65581AC5E0FA00762B1A = {
			isa = PBXGroup;
			children = (
				815C65631AC5E0FA00762B1A /* qwios */,
				815C657B1AC5E0FA00762B1A /* qwiosTests */,
				815C65621AC5E0FA00762B1A /* Products */,
				99A6903699E7265469615708 /* Pods */,
				55D249F93D2359539A0B0825 /* Frameworks */,
			);
			sourceTree = "<group>";
		};
		815C65621AC5E0FA00762B1A /* Products */ = {
			isa = PBXGroup;
			children = (
				815C65611AC5E0FA00762B1A /* qwios.app */,
				815C65781AC5E0FA00762B1A /* qwiosTests.xctest */,
			);
			name = Products;
			sourceTree = "<group>";
		};
		815C65631AC5E0FA00762B1A /* qwios */ = {
			isa = PBXGroup;
			children = (
				813966341AC99DB200DF1950 /* model */,
				8108F0471AC8A98A00E4E199 /* InitViewController.swift */,
				815C65661AC5E0FA00762B1A /* AppDelegate.swift */,
				815C65681AC5E0FA00762B1A /* FirstViewController.swift */,
				815C656A1AC5E0FA00762B1A /* SecondViewController.swift */,
				815C656C1AC5E0FA00762B1A /* Main.storyboard */,
				815C656F1AC5E0FA00762B1A /* Images.xcassets */,
				815C65711AC5E0FA00762B1A /* LaunchScreen.xib */,
				815C65641AC5E0FA00762B1A /* Supporting Files */,
				8108F0491AC90EC600E4E199 /* LoginViewController.swift */,
				81F793D41ACA2985004A1DD1 /* MyAccountViewController.swift */,
			);
			path = qwios;
			sourceTree = "<group>";
		};
		815C65641AC5E0FA00762B1A /* Supporting Files */ = {
			isa = PBXGroup;
			children = (
				815C65651AC5E0FA00762B1A /* Info.plist */,
			);
			name = "Supporting Files";
			sourceTree = "<group>";
		};
		815C657B1AC5E0FA00762B1A /* qwiosTests */ = {
			isa = PBXGroup;
			children = (
				815C657E1AC5E0FA00762B1A /* qwiosTests.swift */,
				815C657C1AC5E0FA00762B1A /* Supporting Files */,
			);
			path = qwiosTests;
			sourceTree = "<group>";
		};
		815C657C1AC5E0FA00762B1A /* Supporting Files */ = {
			isa = PBXGroup;
			children = (
				815C657D1AC5E0FA00762B1A /* Info.plist */,
			);
			name = "Supporting Files";
			sourceTree = "<group>";
		};
		99A6903699E7265469615708 /* Pods */ = {
			isa = PBXGroup;
			children = (
				835C3B82D379039729905DBA /* Pods-qwios.debug.xcconfig */,
				6796F373B822D61AA9C69075 /* Pods-qwios.release.xcconfig */,
			);
			name = Pods;
			sourceTree = "<group>";
		};
/* End PBXGroup section */

/* Begin PBXNativeTarget section */
		815C65601AC5E0FA00762B1A /* qwios */ = {
			isa = PBXNativeTarget;
			buildConfigurationList = 815C65821AC5E0FA00762B1A /* Build configuration list for PBXNativeTarget "qwios" */;
			buildPhases = (
				A61B80B535DBD7871E8D7972 /* Check Pods Manifest.lock */,
				815C655D1AC5E0FA00762B1A /* Sources */,
				815C655E1AC5E0FA00762B1A /* Frameworks */,
				815C655F1AC5E0FA00762B1A /* Resources */,
				7F4ADCC1866EDEEC61E2C3CB /* Embed Pods Frameworks */,
				F1CD3B6200648FDCE69D1548 /* Copy Pods Resources */,
			);
			buildRules = (
			);
			dependencies = (
			);
			name = qwios;
			productName = qwios;
			productReference = 815C65611AC5E0FA00762B1A /* qwios.app */;
			productType = "com.apple.product-type.application";
		};
		815C65771AC5E0FA00762B1A /* qwiosTests */ = {
			isa = PBXNativeTarget;
			buildConfigurationList = 815C65851AC5E0FA00762B1A /* Build configuration list for PBXNativeTarget "qwiosTests" */;
			buildPhases = (
				815C65741AC5E0FA00762B1A /* Sources */,
				815C65751AC5E0FA00762B1A /* Frameworks */,
				815C65761AC5E0FA00762B1A /* Resources */,
			);
			buildRules = (
			);
			dependencies = (
				815C657A1AC5E0FA00762B1A /* PBXTargetDependency */,
			);
			name = qwiosTests;
			productName = qwiosTests;
			productReference = 815C65781AC5E0FA00762B1A /* qwiosTests.xctest */;
			productType = "com.apple.product-type.bundle.unit-test";
		};
/* End PBXNativeTarget section */

/* Begin PBXProject section */
		815C65591AC5E0FA00762B1A /* Project object */ = {
			isa = PBXProject;
			attributes = {
				LastUpgradeCheck = 0620;
				ORGANIZATIONNAME = "Justin Beale";
				TargetAttributes = {
					815C65601AC5E0FA00762B1A = {
						CreatedOnToolsVersion = 6.2;
					};
					815C65771AC5E0FA00762B1A = {
						CreatedOnToolsVersion = 6.2;
						TestTargetID = 815C65601AC5E0FA00762B1A;
					};
				};
			};
			buildConfigurationList = 815C655C1AC5E0FA00762B1A /* Build configuration list for PBXProject "qwios" */;
			compatibilityVersion = "Xcode 3.2";
			developmentRegion = English;
			hasScannedForEncodings = 0;
			knownRegions = (
				en,
				Base,
			);
			mainGroup = 815C65581AC5E0FA00762B1A;
			productRefGroup = 815C65621AC5E0FA00762B1A /* Products */;
			projectDirPath = "";
			projectRoot = "";
			targets = (
				815C65601AC5E0FA00762B1A /* qwios */,
				815C65771AC5E0FA00762B1A /* qwiosTests */,
			);
		};
/* End PBXProject section */

/* Begin PBXResourcesBuildPhase section */
		815C655F1AC5E0FA00762B1A /* Resources */ = {
			isa = PBXResourcesBuildPhase;
			buildActionMask = 2147483647;
			files = (
				815C656E1AC5E0FA00762B1A /* Main.storyboard in Resources */,
				815C65731AC5E0FA00762B1A /* LaunchScreen.xib in Resources */,
				815C65701AC5E0FA00762B1A /* Images.xcassets in Resources */,
			);
			runOnlyForDeploymentPostprocessing = 0;
		};
		815C65761AC5E0FA00762B1A /* Resources */ = {
			isa = PBXResourcesBuildPhase;
			buildActionMask = 2147483647;
			files = (
			);
			runOnlyForDeploymentPostprocessing = 0;
		};
/* End PBXResourcesBuildPhase section */

/* Begin PBXShellScriptBuildPhase section */
		7F4ADCC1866EDEEC61E2C3CB /* Embed Pods Frameworks */ = {
			isa = PBXShellScriptBuildPhase;
			buildActionMask = 2147483647;
			files = (
			);
			inputPaths = (
			);
			name = "Embed Pods Frameworks";
			outputPaths = (
			);
			runOnlyForDeploymentPostprocessing = 0;
			shellPath = /bin/sh;
			shellScript = "\"${SRCROOT}/Pods/Target Support Files/Pods-qwios/Pods-qwios-frameworks.sh\"\n";
			showEnvVarsInLog = 0;
		};
		A61B80B535DBD7871E8D7972 /* Check Pods Manifest.lock */ = {
			isa = PBXShellScriptBuildPhase;
			buildActionMask = 2147483647;
			files = (
			);
			inputPaths = (
			);
			name = "Check Pods Manifest.lock";
			outputPaths = (
			);
			runOnlyForDeploymentPostprocessing = 0;
			shellPath = /bin/sh;
			shellScript = "diff \"${PODS_ROOT}/../Podfile.lock\" \"${PODS_ROOT}/Manifest.lock\" > /dev/null\nif [[ $? != 0 ]] ; then\n    cat << EOM\nerror: The sandbox is not in sync with the Podfile.lock. Run 'pod install' or update your CocoaPods installation.\nEOM\n    exit 1\nfi\n";
			showEnvVarsInLog = 0;
		};
		F1CD3B6200648FDCE69D1548 /* Copy Pods Resources */ = {
			isa = PBXShellScriptBuildPhase;
			buildActionMask = 2147483647;
			files = (
			);
			inputPaths = (
			);
			name = "Copy Pods Resources";
			outputPaths = (
			);
			runOnlyForDeploymentPostprocessing = 0;
			shellPath = /bin/sh;
			shellScript = "\"${SRCROOT}/Pods/Target Support Files/Pods-qwios/Pods-qwios-resources.sh\"\n";
			showEnvVarsInLog = 0;
		};
/* End PBXShellScriptBuildPhase section */

/* Begin PBXSourcesBuildPhase section */
		815C655D1AC5E0FA00762B1A /* Sources */ = {
			isa = PBXSourcesBuildPhase;
			buildActionMask = 2147483647;
			files = (
				815C656B1AC5E0FA00762B1A /* SecondViewController.swift in Sources */,
				815C65671AC5E0FA00762B1A /* AppDelegate.swift in Sources */,
				813966361AC99DE700DF1950 /* User.swift in Sources */,
				81F793D51ACA2985004A1DD1 /* MyAccountViewController.swift in Sources */,
				8108F0481AC8A98A00E4E199 /* InitViewController.swift in Sources */,
				8108F04A1AC90EC600E4E199 /* LoginViewController.swift in Sources */,
				815C65691AC5E0FA00762B1A /* FirstViewController.swift in Sources */,
			);
			runOnlyForDeploymentPostprocessing = 0;
		};
		815C65741AC5E0FA00762B1A /* Sources */ = {
			isa = PBXSourcesBuildPhase;
			buildActionMask = 2147483647;
			files = (
				815C657F1AC5E0FA00762B1A /* qwiosTests.swift in Sources */,
			);
			runOnlyForDeploymentPostprocessing = 0;
		};
/* End PBXSourcesBuildPhase section */

/* Begin PBXTargetDependency section */
		815C657A1AC5E0FA00762B1A /* PBXTargetDependency */ = {
			isa = PBXTargetDependency;
			target = 815C65601AC5E0FA00762B1A /* qwios */;
			targetProxy = 815C65791AC5E0FA00762B1A /* PBXContainerItemProxy */;
		};
/* End PBXTargetDependency section */

/* Begin PBXVariantGroup section */
		815C656C1AC5E0FA00762B1A /* Main.storyboard */ = {
			isa = PBXVariantGroup;
			children = (
				815C656D1AC5E0FA00762B1A /* Base */,
			);
			name = Main.storyboard;
			sourceTree = "<group>";
		};
		815C65711AC5E0FA00762B1A /* LaunchScreen.xib */ = {
			isa = PBXVariantGroup;
			children = (
				815C65721AC5E0FA00762B1A /* Base */,
			);
			name = LaunchScreen.xib;
			sourceTree = "<group>";
		};
/* End PBXVariantGroup section */

/* Begin XCBuildConfiguration section */
		815C65801AC5E0FA00762B1A /* Debug */ = {
			isa = XCBuildConfiguration;
			buildSettings = {
				ALWAYS_SEARCH_USER_PATHS = NO;
				CLANG_CXX_LANGUAGE_STANDARD = "gnu++0x";
				CLANG_CXX_LIBRARY = "libc++";
				CLANG_ENABLE_MODULES = YES;
				CLANG_ENABLE_OBJC_ARC = YES;
				CLANG_WARN_BOOL_CONVERSION = YES;
				CLANG_WARN_CONSTANT_CONVERSION = YES;
				CLANG_WARN_DIRECT_OBJC_ISA_USAGE = YES_ERROR;
				CLANG_WARN_EMPTY_BODY = YES;
				CLANG_WARN_ENUM_CONVERSION = YES;
				CLANG_WARN_INT_CONVERSION = YES;
				CLANG_WARN_OBJC_ROOT_CLASS = YES_ERROR;
				CLANG_WARN_UNREACHABLE_CODE = YES;
				CLANG_WARN__DUPLICATE_METHOD_MATCH = YES;
				"CODE_SIGN_IDENTITY[sdk=iphoneos*]" = "iPhone Developer";
				COPY_PHASE_STRIP = NO;
				ENABLE_STRICT_OBJC_MSGSEND = YES;
				GCC_C_LANGUAGE_STANDARD = gnu99;
				GCC_DYNAMIC_NO_PIC = NO;
				GCC_OPTIMIZATION_LEVEL = 0;
				GCC_PREPROCESSOR_DEFINITIONS = (
					"DEBUG=1",
					"$(inherited)",
				);
				GCC_SYMBOLS_PRIVATE_EXTERN = NO;
				GCC_WARN_64_TO_32_BIT_CONVERSION = YES;
				GCC_WARN_ABOUT_RETURN_TYPE = YES_ERROR;
				GCC_WARN_UNDECLARED_SELECTOR = YES;
				GCC_WARN_UNINITIALIZED_AUTOS = YES_AGGRESSIVE;
				GCC_WARN_UNUSED_FUNCTION = YES;
				GCC_WARN_UNUSED_VARIABLE = YES;
				IPHONEOS_DEPLOYMENT_TARGET = 8.2;
				MTL_ENABLE_DEBUG_INFO = YES;
				ONLY_ACTIVE_ARCH = YES;
				SDKROOT = iphoneos;
				SWIFT_OPTIMIZATION_LEVEL = "-Onone";
				TARGETED_DEVICE_FAMILY = "1,2";
			};
			name = Debug;
		};
		815C65811AC5E0FA00762B1A /* Release */ = {
			isa = XCBuildConfiguration;
			buildSettings = {
				ALWAYS_SEARCH_USER_PATHS = NO;
				CLANG_CXX_LANGUAGE_STANDARD = "gnu++0x";
				CLANG_CXX_LIBRARY = "libc++";
				CLANG_ENABLE_MODULES = YES;
				CLANG_ENABLE_OBJC_ARC = YES;
				CLANG_WARN_BOOL_CONVERSION = YES;
				CLANG_WARN_CONSTANT_CONVERSION = YES;
				CLANG_WARN_DIRECT_OBJC_ISA_USAGE = YES_ERROR;
				CLANG_WARN_EMPTY_BODY = YES;
				CLANG_WARN_ENUM_CONVERSION = YES;
				CLANG_WARN_INT_CONVERSION = YES;
				CLANG_WARN_OBJC_ROOT_CLASS = YES_ERROR;
				CLANG_WARN_UNREACHABLE_CODE = YES;
				CLANG_WARN__DUPLICATE_METHOD_MATCH = YES;
				"CODE_SIGN_IDENTITY[sdk=iphoneos*]" = "iPhone Developer";
				COPY_PHASE_STRIP = NO;
				ENABLE_NS_ASSERTIONS = NO;
				ENABLE_STRICT_OBJC_MSGSEND = YES;
				GCC_C_LANGUAGE_STANDARD = gnu99;
				GCC_WARN_64_TO_32_BIT_CONVERSION = YES;
				GCC_WARN_ABOUT_RETURN_TYPE = YES_ERROR;
				GCC_WARN_UNDECLARED_SELECTOR = YES;
				GCC_WARN_UNINITIALIZED_AUTOS = YES_AGGRESSIVE;
				GCC_WARN_UNUSED_FUNCTION = YES;
				GCC_WARN_UNUSED_VARIABLE = YES;
				IPHONEOS_DEPLOYMENT_TARGET = 8.2;
				MTL_ENABLE_DEBUG_INFO = NO;
				SDKROOT = iphoneos;
				TARGETED_DEVICE_FAMILY = "1,2";
				VALIDATE_PRODUCT = YES;
			};
			name = Release;
		};
		815C65831AC5E0FA00762B1A /* Debug */ = {
			isa = XCBuildConfiguration;
			baseConfigurationReference = 835C3B82D379039729905DBA /* Pods-qwios.debug.xcconfig */;
			buildSettings = {
				ASSETCATALOG_COMPILER_APPICON_NAME = AppIcon;
				INFOPLIST_FILE = qwios/Info.plist;
				LD_RUNPATH_SEARCH_PATHS = "$(inherited) @executable_path/Frameworks";
				PRODUCT_NAME = "$(TARGET_NAME)";
			};
			name = Debug;
		};
		815C65841AC5E0FA00762B1A /* Release */ = {
			isa = XCBuildConfiguration;
			baseConfigurationReference = 6796F373B822D61AA9C69075 /* Pods-qwios.release.xcconfig */;
			buildSettings = {
				ASSETCATALOG_COMPILER_APPICON_NAME = AppIcon;
				INFOPLIST_FILE = qwios/Info.plist;
				LD_RUNPATH_SEARCH_PATHS = "$(inherited) @executable_path/Frameworks";
				PRODUCT_NAME = "$(TARGET_NAME)";
			};
			name = Release;
		};
		815C65861AC5E0FA00762B1A /* Debug */ = {
			isa = XCBuildConfiguration;
			buildSettings = {
				BUNDLE_LOADER = "$(TEST_HOST)";
				FRAMEWORK_SEARCH_PATHS = (
					"$(SDKROOT)/Developer/Library/Frameworks",
					"$(inherited)",
				);
				GCC_PREPROCESSOR_DEFINITIONS = (
					"DEBUG=1",
					"$(inherited)",
				);
				INFOPLIST_FILE = qwiosTests/Info.plist;
				LD_RUNPATH_SEARCH_PATHS = "$(inherited) @executable_path/Frameworks @loader_path/Frameworks";
				PRODUCT_NAME = "$(TARGET_NAME)";
				TEST_HOST = "$(BUILT_PRODUCTS_DIR)/qwios.app/qwios";
			};
			name = Debug;
		};
		815C65871AC5E0FA00762B1A /* Release */ = {
			isa = XCBuildConfiguration;
			buildSettings = {
				BUNDLE_LOADER = "$(TEST_HOST)";
				FRAMEWORK_SEARCH_PATHS = (
					"$(SDKROOT)/Developer/Library/Frameworks",
					"$(inherited)",
				);
				INFOPLIST_FILE = qwiosTests/Info.plist;
				LD_RUNPATH_SEARCH_PATHS = "$(inherited) @executable_path/Frameworks @loader_path/Frameworks";
				PRODUCT_NAME = "$(TARGET_NAME)";
				TEST_HOST = "$(BUILT_PRODUCTS_DIR)/qwios.app/qwios";
			};
			name = Release;
		};
/* End XCBuildConfiguration section */

/* Begin XCConfigurationList section */
		815C655C1AC5E0FA00762B1A /* Build configuration list for PBXProject "qwios" */ = {
			isa = XCConfigurationList;
			buildConfigurations = (
				815C65801AC5E0FA00762B1A /* Debug */,
				815C65811AC5E0FA00762B1A /* Release */,
			);
			defaultConfigurationIsVisible = 0;
			defaultConfigurationName = Release;
		};
		815C65821AC5E0FA00762B1A /* Build configuration list for PBXNativeTarget "qwios" */ = {
			isa = XCConfigurationList;
			buildConfigurations = (
				815C65831AC5E0FA00762B1A /* Debug */,
				815C65841AC5E0FA00762B1A /* Release */,
			);
			defaultConfigurationIsVisible = 0;
			defaultConfigurationName = Release;
		};
		815C65851AC5E0FA00762B1A /* Build configuration list for PBXNativeTarget "qwiosTests" */ = {
			isa = XCConfigurationList;
			buildConfigurations = (
				815C65861AC5E0FA00762B1A /* Debug */,
				815C65871AC5E0FA00762B1A /* Release */,
			);
			defaultConfigurationIsVisible = 0;
			defaultConfigurationName = Release;
		};
/* End XCConfigurationList section */
	};
	rootObject = 815C65591AC5E0FA00762B1A /* Project object */;
}
